
Microsoft Visual Studio Solution File, Format Version 12.00
# Visual Studio Version 16
VisualStudioVersion = 16.0.31105.61
MinimumVisualStudioVersion = 10.0.40219.1
Project("{FAE04EC0-301F-11D3-BF4B-00C04F79EFBC}") = "CalculatorApp", "CalculatorApp.csproj", "{08F3999F-DA18-4147-9681-2AB326F3DDFF}"
EndProject
Global
	GlobalSection(SolutionConfigurationPlatforms) = preSolution
		Debug|Any CPU = Debug|Any CPU
		Release|Any CPU = Release|Any CPU
	EndGlobalSection
	GlobalSection(ProjectConfigurationPlatforms) = postSolution
		{08F3999F-DA18-4147-9681-2AB326F3DDFF}.Debug|Any CPU.ActiveCfg = Debug|Any CPU
		{08F3999F-DA18-4147-9681-2AB326F3DDFF}.Debug|Any CPU.Build.0 = Debug|Any CPU
		{08F3999F-DA18-4147-9681-2AB326F3DDFF}.Release|Any CPU.ActiveCfg = Release|Any CPU
		{08F3999F-DA18-4147-9681-2AB326F3DDFF}.Release|Any CPU.Build.0 = Release|Any CPU
	EndGlobalSection
	GlobalSection(SolutionProperties) = preSolution
		HideSolutionNode = FALSE
	EndGlobalSection
	GlobalSection(ExtensibilityGlobals) = postSolution
		SolutionGuid = {18C51783-06AF-47A0-B572-2780AE3132CB}
	EndGlobalSection
EndGlobal
